
Microsoft Visual Studio Solution File, Format Version 12.00
# Visual Studio 2013
VisualStudioVersion = 12.0.21005.1
MinimumVisualStudioVersion = 10.0.40219.1
Project("{FAE04EC0-301F-11D3-BF4B-00C04F79EFBC}") = "ESkin", "ESkin\ESkin.csproj", "{534B884E-3DE0-4A0C-BD73-9D23A5F82687}"
EndProject
Project("{FAE04EC0-301F-11D3-BF4B-00C04F79EFBC}") = "EApp", "EApp\EApp.csproj", "{530C20FD-3BB9-4047-AC08-C6DC0A8C4600}"
EndProject
Project("{FAE04EC0-301F-11D3-BF4B-00C04F79EFBC}") = "BDAuscultation", "BDAuscultation\BDAuscultation.csproj", "{F24AAD72-8314-4119-A09F-6AB20FCB73D3}"
EndProject
Global
	GlobalSection(SolutionConfigurationPlatforms) = preSolution
		Debug|Any CPU = Debug|Any CPU
		Release|Any CPU = Release|Any CPU
	EndGlobalSection
	GlobalSection(ProjectConfigurationPlatforms) = postSolution
		{534B884E-3DE0-4A0C-BD73-9D23A5F82687}.Debug|Any CPU.ActiveCfg = Debug|Any CPU
		{534B884E-3DE0-4A0C-BD73-9D23A5F82687}.Debug|Any CPU.Build.0 = Debug|Any CPU
		{534B884E-3DE0-4A0C-BD73-9D23A5F82687}.Release|Any CPU.ActiveCfg = Release|Any CPU
		{534B884E-3DE0-4A0C-BD73-9D23A5F82687}.Release|Any CPU.Build.0 = Release|Any CPU
		{530C20FD-3BB9-4047-AC08-C6DC0A8C4600}.Debug|Any CPU.ActiveCfg = Debug|Any CPU
		{530C20FD-3BB9-4047-AC08-C6DC0A8C4600}.Debug|Any CPU.Build.0 = Debug|Any CPU
		{530C20FD-3BB9-4047-AC08-C6DC0A8C4600}.Release|Any CPU.ActiveCfg = Release|Any CPU
		{530C20FD-3BB9-4047-AC08-C6DC0A8C4600}.Release|Any CPU.Build.0 = Release|Any CPU
		{F24AAD72-8314-4119-A09F-6AB20FCB73D3}.Debug|Any CPU.ActiveCfg = Debug|Any CPU
		{F24AAD72-8314-4119-A09F-6AB20FCB73D3}.Debug|Any CPU.Build.0 = Debug|Any CPU
		{F24AAD72-8314-4119-A09F-6AB20FCB73D3}.Release|Any CPU.ActiveCfg = Release|Any CPU
		{F24AAD72-8314-4119-A09F-6AB20FCB73D3}.Release|Any CPU.Build.0 = Release|Any CPU
	EndGlobalSection
	GlobalSection(SolutionProperties) = preSolution
		HideSolutionNode = FALSE
	EndGlobalSection
EndGlobal
